
Microsoft Visual Studio Solution File, Format Version 12.00
# Visual Studio Version 16
VisualStudioVersion = 16.0.30002.166
MinimumVisualStudioVersion = 10.0.40219.1
Project("{9A19103F-16F7-4668-BE54-9A1E7A4F7556}") = "USIT2020Stundenpläne", "USIT2020Stundenpläne\USIT2020Stundenpläne.csproj", "{3D81CEF5-51A3-4D89-8428-77110C981AE7}"
EndProject
Project("{9A19103F-16F7-4668-BE54-9A1E7A4F7556}") = "Launcher", "Launcher\Launcher.csproj", "{A85AA9B9-99F9-4A06-9ED9-9B8A97608BAB}"
EndProject
Project("{9A19103F-16F7-4668-BE54-9A1E7A4F7556}") = "HashLib", "HashLib\HashLib.csproj", "{5DE7A7F3-5DA5-433F-A6FC-06A5641FB6DE}"
EndProject
Project("{9A19103F-16F7-4668-BE54-9A1E7A4F7556}") = "HashCMD", "HashCMD\HashCMD.csproj", "{AD299399-132C-4AD2-A665-C8FEEF00D4DE}"
EndProject
Global
	GlobalSection(SolutionConfigurationPlatforms) = preSolution
		Debug|Any CPU = Debug|Any CPU
		Release|Any CPU = Release|Any CPU
	EndGlobalSection
	GlobalSection(ProjectConfigurationPlatforms) = postSolution
		{3D81CEF5-51A3-4D89-8428-77110C981AE7}.Debug|Any CPU.ActiveCfg = Debug|Any CPU
		{3D81CEF5-51A3-4D89-8428-77110C981AE7}.Debug|Any CPU.Build.0 = Debug|Any CPU
		{3D81CEF5-51A3-4D89-8428-77110C981AE7}.Release|Any CPU.ActiveCfg = Release|Any CPU
		{3D81CEF5-51A3-4D89-8428-77110C981AE7}.Release|Any CPU.Build.0 = Release|Any CPU
		{A85AA9B9-99F9-4A06-9ED9-9B8A97608BAB}.Debug|Any CPU.ActiveCfg = Debug|Any CPU
		{A85AA9B9-99F9-4A06-9ED9-9B8A97608BAB}.Debug|Any CPU.Build.0 = Debug|Any CPU
		{A85AA9B9-99F9-4A06-9ED9-9B8A97608BAB}.Release|Any CPU.ActiveCfg = Release|Any CPU
		{A85AA9B9-99F9-4A06-9ED9-9B8A97608BAB}.Release|Any CPU.Build.0 = Release|Any CPU
		{5DE7A7F3-5DA5-433F-A6FC-06A5641FB6DE}.Debug|Any CPU.ActiveCfg = Debug|Any CPU
		{5DE7A7F3-5DA5-433F-A6FC-06A5641FB6DE}.Debug|Any CPU.Build.0 = Debug|Any CPU
		{5DE7A7F3-5DA5-433F-A6FC-06A5641FB6DE}.Release|Any CPU.ActiveCfg = Release|Any CPU
		{5DE7A7F3-5DA5-433F-A6FC-06A5641FB6DE}.Release|Any CPU.Build.0 = Release|Any CPU
		{AD299399-132C-4AD2-A665-C8FEEF00D4DE}.Debug|Any CPU.ActiveCfg = Debug|Any CPU
		{AD299399-132C-4AD2-A665-C8FEEF00D4DE}.Debug|Any CPU.Build.0 = Debug|Any CPU
		{AD299399-132C-4AD2-A665-C8FEEF00D4DE}.Release|Any CPU.ActiveCfg = Release|Any CPU
		{AD299399-132C-4AD2-A665-C8FEEF00D4DE}.Release|Any CPU.Build.0 = Release|Any CPU
	EndGlobalSection
	GlobalSection(SolutionProperties) = preSolution
		HideSolutionNode = FALSE
	EndGlobalSection
	GlobalSection(ExtensibilityGlobals) = postSolution
		SolutionGuid = {F2C4CDEE-C14F-4FE2-BA60-FBC0419C0308}
	EndGlobalSection
EndGlobal
